
Microsoft Visual Studio Solution File, Format Version 12.00
# Visual Studio Version 17
VisualStudioVersion = 17.4.33213.308
MinimumVisualStudioVersion = 10.0.40219.1
Project("{9A19103F-16F7-4668-BE54-9A1E7A4F7556}") = "DotNetXssMiddleware", "DotNetXssMiddleware\DotNetXssMiddleware.csproj", "{AA65C355-D9D2-4F75-984E-1B546221B0C2}"
EndProject
Project("{9A19103F-16F7-4668-BE54-9A1E7A4F7556}") = "DotNetXssMiddleware.Tests", "DotNetXssMiddleware.Tests\DotNetXssMiddleware.Tests.csproj", "{59AB0DAC-54B6-43EA-BF4F-30D0A566E02E}"
EndProject
Global
	GlobalSection(SolutionConfigurationPlatforms) = preSolution
		Debug|Any CPU = Debug|Any CPU
		Release|Any CPU = Release|Any CPU
	EndGlobalSection
	GlobalSection(ProjectConfigurationPlatforms) = postSolution
		{AA65C355-D9D2-4F75-984E-1B546221B0C2}.Debug|Any CPU.ActiveCfg = Debug|Any CPU
		{AA65C355-D9D2-4F75-984E-1B546221B0C2}.Debug|Any CPU.Build.0 = Debug|Any CPU
		{AA65C355-D9D2-4F75-984E-1B546221B0C2}.Release|Any CPU.ActiveCfg = Release|Any CPU
		{AA65C355-D9D2-4F75-984E-1B546221B0C2}.Release|Any CPU.Build.0 = Release|Any CPU
		{59AB0DAC-54B6-43EA-BF4F-30D0A566E02E}.Debug|Any CPU.ActiveCfg = Debug|Any CPU
		{59AB0DAC-54B6-43EA-BF4F-30D0A566E02E}.Debug|Any CPU.Build.0 = Debug|Any CPU
		{59AB0DAC-54B6-43EA-BF4F-30D0A566E02E}.Release|Any CPU.ActiveCfg = Release|Any CPU
		{59AB0DAC-54B6-43EA-BF4F-30D0A566E02E}.Release|Any CPU.Build.0 = Release|Any CPU
	EndGlobalSection
	GlobalSection(SolutionProperties) = preSolution
		HideSolutionNode = FALSE
	EndGlobalSection
	GlobalSection(ExtensibilityGlobals) = postSolution
		SolutionGuid = {3BD59129-C34D-482D-96CE-36B007D543E3}
	EndGlobalSection
EndGlobal
